
Microsoft Visual Studio Solution File, Format Version 12.00
# Visual Studio 15
Project("{FAE04EC0-301F-11D3-BF4B-00C04F79EFBC}") = "UnityEngine.UI", "UnityEngine.UI.csproj", "{3B33C305-AB14-E633-3D95-05A5A14F3677}"
EndProject
Project("{FAE04EC0-301F-11D3-BF4B-00C04F79EFBC}") = "Assembly-CSharp", "Assembly-CSharp.csproj", "{A99067BE-9141-A6B2-3C65-C65C77B609FD}"
EndProject
Project("{FAE04EC0-301F-11D3-BF4B-00C04F79EFBC}") = "UnityEngine.TestRunner", "UnityEngine.TestRunner.csproj", "{9B550D66-8888-ABE4-BB65-B056BA6556AF}"
EndProject
Project("{FAE04EC0-301F-11D3-BF4B-00C04F79EFBC}") = "Unity.Mathematics", "Unity.Mathematics.csproj", "{852DB51C-7211-2FF8-BA12-DC76D1578FCE}"
EndProject
Project("{FAE04EC0-301F-11D3-BF4B-00C04F79EFBC}") = "Unity.2D.Animation.Triangle.Runtime", "Unity.2D.Animation.Triangle.Runtime.csproj", "{81457003-72A1-C2C9-0570-8F8F55CDE455}"
EndProject
Project("{FAE04EC0-301F-11D3-BF4B-00C04F79EFBC}") = "Unity.Timeline", "Unity.Timeline.csproj", "{548FBD0F-0B8E-3320-62AB-9D59C4D47C89}"
EndProject
Project("{FAE04EC0-301F-11D3-BF4B-00C04F79EFBC}") = "Unity.TextMeshPro", "Unity.TextMeshPro.csproj", "{4B169D15-42AF-2FE3-810D-CBA04828A661}"
EndProject
Project("{FAE04EC0-301F-11D3-BF4B-00C04F79EFBC}") = "Unity.2D.Animation.Runtime", "Unity.2D.Animation.Runtime.csproj", "{B9140AB0-F287-6048-74EA-2E8AB6D05C4B}"
EndProject
Project("{FAE04EC0-301F-11D3-BF4B-00C04F79EFBC}") = "Unity.2D.IK.Runtime", "Unity.2D.IK.Runtime.csproj", "{FBF984B6-CB1E-81B4-92AB-EEDC578424F3}"
EndProject
Project("{FAE04EC0-301F-11D3-BF4B-00C04F79EFBC}") = "Unity.2D.SpriteShape.Runtime", "Unity.2D.SpriteShape.Runtime.csproj", "{6B94EC47-FAD4-D13B-25DC-0A6D7E5E2E92}"
EndProject
Project("{FAE04EC0-301F-11D3-BF4B-00C04F79EFBC}") = "Unity.2D.PixelPerfect", "Unity.2D.PixelPerfect.csproj", "{D6522D94-1554-2422-52A0-82C87ACFD01C}"
EndProject
Project("{FAE04EC0-301F-11D3-BF4B-00C04F79EFBC}") = "Unity.2D.Common.Runtime", "Unity.2D.Common.Runtime.csproj", "{FD561E91-550F-473E-D348-5A748D03AFC8}"
EndProject
Project("{FAE04EC0-301F-11D3-BF4B-00C04F79EFBC}") = "Unity.InternalAPIEngineBridge.001", "Unity.InternalAPIEngineBridge.001.csproj", "{9BF64B84-5B58-39A3-6FF5-B83EBB2CB9CA}"
EndProject
Project("{FAE04EC0-301F-11D3-BF4B-00C04F79EFBC}") = "UnityEditor.TestRunner", "UnityEditor.TestRunner.csproj", "{5B4B2EDB-92B9-8CDB-6821-22388C3776E4}"
EndProject
Project("{FAE04EC0-301F-11D3-BF4B-00C04F79EFBC}") = "Unity.PlasticSCM.Editor", "Unity.PlasticSCM.Editor.csproj", "{CF0C721D-7429-A98B-82D6-EEE8CB01D0E1}"
EndProject
Project("{FAE04EC0-301F-11D3-BF4B-00C04F79EFBC}") = "UnityEditor.UI", "UnityEditor.UI.csproj", "{5C114693-1CBC-87C9-B275-076C6C42C041}"
EndProject
Project("{FAE04EC0-301F-11D3-BF4B-00C04F79EFBC}") = "Unity.Timeline.Editor", "Unity.Timeline.Editor.csproj", "{3B1C6F80-3D23-D62A-A825-27135270C081}"
EndProject
Project("{FAE04EC0-301F-11D3-BF4B-00C04F79EFBC}") = "Unity.VisualStudio.Editor", "Unity.VisualStudio.Editor.csproj", "{CE11AAF2-B4C1-D4F3-871A-095B404883C4}"
EndProject
Project("{FAE04EC0-301F-11D3-BF4B-00C04F79EFBC}") = "Unity.2D.Psdimporter.Editor", "Unity.2D.Psdimporter.Editor.csproj", "{F4E7C4DF-72DF-BD28-E2A0-7796370607EE}"
EndProject
Project("{FAE04EC0-301F-11D3-BF4B-00C04F79EFBC}") = "Unity.2D.Animation.Editor", "Unity.2D.Animation.Editor.csproj", "{C7C0DF2A-E1DD-8EDA-4E87-D69B8CE26663}"
EndProject
Project("{FAE04EC0-301F-11D3-BF4B-00C04F79EFBC}") = "Unity.TextMeshPro.Editor", "Unity.TextMeshPro.Editor.csproj", "{60F1DDB3-711A-ADCC-20EC-3739CA11F1D6}"
EndProject
Project("{FAE04EC0-301F-11D3-BF4B-00C04F79EFBC}") = "Unity.2D.SpriteShape.Editor", "Unity.2D.SpriteShape.Editor.csproj", "{77F183C2-2A53-643A-1D6F-615CE57F727A}"
EndProject
Project("{FAE04EC0-301F-11D3-BF4B-00C04F79EFBC}") = "Unity.CollabProxy.Editor", "Unity.CollabProxy.Editor.csproj", "{D1A6A67A-AFA3-5D00-3709-BD7CA0B7BE59}"
EndProject
Project("{FAE04EC0-301F-11D3-BF4B-00C04F79EFBC}") = "PsdPlugin", "PsdPlugin.csproj", "{182504DB-0E3B-C1A6-5874-C43F2AF92828}"
EndProject
Project("{FAE04EC0-301F-11D3-BF4B-00C04F79EFBC}") = "Unity.2D.Path.Editor", "Unity.2D.Path.Editor.csproj", "{CD3DA097-BFFB-E085-5E9D-40D4AAA8043A}"
EndProject
Project("{FAE04EC0-301F-11D3-BF4B-00C04F79EFBC}") = "Unity.Rider.Editor", "Unity.Rider.Editor.csproj", "{6B911F25-3EA8-4931-9361-C5CD6CA87C2E}"
EndProject
Project("{FAE04EC0-301F-11D3-BF4B-00C04F79EFBC}") = "Unity.2D.IK.Editor", "Unity.2D.IK.Editor.csproj", "{0969E287-90DC-8996-BA52-9C96289B496E}"
EndProject
Project("{FAE04EC0-301F-11D3-BF4B-00C04F79EFBC}") = "Unity.2D.Sprite.Editor", "Unity.2D.Sprite.Editor.csproj", "{99DB281D-9B52-A381-52F5-29F7EA0C040A}"
EndProject
Project("{FAE04EC0-301F-11D3-BF4B-00C04F79EFBC}") = "Unity.2D.Tilemap.Editor", "Unity.2D.Tilemap.Editor.csproj", "{347C45A2-A1DC-B314-AF51-7DEFD521F1BC}"
EndProject
Project("{FAE04EC0-301F-11D3-BF4B-00C04F79EFBC}") = "Unity.2D.PixelPerfect.Editor", "Unity.2D.PixelPerfect.Editor.csproj", "{8467F10D-4335-4368-9079-6874E24825EC}"
EndProject
Project("{FAE04EC0-301F-11D3-BF4B-00C04F79EFBC}") = "Unity.VSCode.Editor", "Unity.VSCode.Editor.csproj", "{297A0F13-EB21-FA29-0CC6-50A6407AB9E1}"
EndProject
Project("{FAE04EC0-301F-11D3-BF4B-00C04F79EFBC}") = "Unity.2D.Common.Editor", "Unity.2D.Common.Editor.csproj", "{937029A2-781A-F623-B2A7-ED5C86E0B339}"
EndProject
Project("{FAE04EC0-301F-11D3-BF4B-00C04F79EFBC}") = "Unity.Mathematics.Editor", "Unity.Mathematics.Editor.csproj", "{88E8EB50-FF4D-E5D1-5277-8172A2B4F4D5}"
EndProject
Project("{FAE04EC0-301F-11D3-BF4B-00C04F79EFBC}") = "Unity.InternalAPIEditorBridge.001", "Unity.InternalAPIEditorBridge.001.csproj", "{E222F2A2-F5D1-3D4B-245D-470052319813}"
EndProject
Project("{FAE04EC0-301F-11D3-BF4B-00C04F79EFBC}") = "UnityEngine.UI", "UnityEngine.UI.Player.csproj", "{1A577DEA-100B-E09B-9C32-DC6CE51CD746}"
EndProject
Project("{FAE04EC0-301F-11D3-BF4B-00C04F79EFBC}") = "Assembly-CSharp", "Assembly-CSharp.Player.csproj", "{FF8A5AB9-2A88-9090-63F2-91A83C8F1C9F}"
EndProject
Project("{FAE04EC0-301F-11D3-BF4B-00C04F79EFBC}") = "UnityEngine.TestRunner", "UnityEngine.TestRunner.Player.csproj", "{9DF4850C-51B6-B253-4432-F43D2FA97555}"
EndProject
Project("{FAE04EC0-301F-11D3-BF4B-00C04F79EFBC}") = "Unity.Mathematics", "Unity.Mathematics.Player.csproj", "{4FA16F99-AAC7-FDEE-3C0F-68D1F6C72A64}"
EndProject
Project("{FAE04EC0-301F-11D3-BF4B-00C04F79EFBC}") = "Unity.2D.Animation.Triangle.Runtime", "Unity.2D.Animation.Triangle.Runtime.Player.csproj", "{48EE9E51-B46B-5D40-15B2-3214D9C369E6}"
EndProject
Project("{FAE04EC0-301F-11D3-BF4B-00C04F79EFBC}") = "Unity.Timeline", "Unity.Timeline.Player.csproj", "{42E0B86F-5B42-6A1C-D470-8BC3042483E9}"
EndProject
Project("{FAE04EC0-301F-11D3-BF4B-00C04F79EFBC}") = "Unity.TextMeshPro", "Unity.TextMeshPro.Player.csproj", "{F6168AE9-CD59-057B-D362-8C5C28D09C09}"
EndProject
Project("{FAE04EC0-301F-11D3-BF4B-00C04F79EFBC}") = "Unity.2D.Animation.Runtime", "Unity.2D.Animation.Runtime.Player.csproj", "{0400472C-2639-3443-9B8E-3A8494A88B0B}"
EndProject
Project("{FAE04EC0-301F-11D3-BF4B-00C04F79EFBC}") = "Unity.2D.IK.Runtime", "Unity.2D.IK.Runtime.Player.csproj", "{E3D2FD25-68CE-7E6C-5376-5CB8A28F26C2}"
EndProject
Project("{FAE04EC0-301F-11D3-BF4B-00C04F79EFBC}") = "Unity.2D.SpriteShape.Runtime", "Unity.2D.SpriteShape.Runtime.Player.csproj", "{01767DD3-EA41-A32D-4EA1-5349ECB1B28B}"
EndProject
Project("{FAE04EC0-301F-11D3-BF4B-00C04F79EFBC}") = "Unity.2D.PixelPerfect", "Unity.2D.PixelPerfect.Player.csproj", "{08F30B32-4AED-9717-94D2-78B6A4DC3AAE}"
EndProject
Project("{FAE04EC0-301F-11D3-BF4B-00C04F79EFBC}") = "Unity.2D.Common.Runtime", "Unity.2D.Common.Runtime.Player.csproj", "{49D93EC9-0E2A-8BBB-F65F-4F5DF513184D}"
EndProject
Project("{FAE04EC0-301F-11D3-BF4B-00C04F79EFBC}") = "Unity.InternalAPIEngineBridge.001", "Unity.InternalAPIEngineBridge.001.Player.csproj", "{00F01C9C-5F67-5012-5E6B-8DD37F2ADFF1}"
EndProject
Global
	GlobalSection(SolutionConfigurationPlatforms) = preSolution
		Debug|Any CPU = Debug|Any CPU
		Release|Any CPU = Release|Any CPU
	EndGlobalSection
	GlobalSection(ProjectConfigurationPlatforms) = postSolution
		{3B33C305-AB14-E633-3D95-05A5A14F3677}.Debug|Any CPU.ActiveCfg = Debug|Any CPU
		{3B33C305-AB14-E633-3D95-05A5A14F3677}.Debug|Any CPU.Build.0 = Debug|Any CPU
		{3B33C305-AB14-E633-3D95-05A5A14F3677}.Release|Any CPU.ActiveCfg = Release|Any CPU
		{3B33C305-AB14-E633-3D95-05A5A14F3677}.Release|Any CPU.Build.0 = Release|Any CPU
		{A99067BE-9141-A6B2-3C65-C65C77B609FD}.Debug|Any CPU.ActiveCfg = Debug|Any CPU
		{A99067BE-9141-A6B2-3C65-C65C77B609FD}.Debug|Any CPU.Build.0 = Debug|Any CPU
		{A99067BE-9141-A6B2-3C65-C65C77B609FD}.Release|Any CPU.ActiveCfg = Release|Any CPU
		{A99067BE-9141-A6B2-3C65-C65C77B609FD}.Release|Any CPU.Build.0 = Release|Any CPU
		{9B550D66-8888-ABE4-BB65-B056BA6556AF}.Debug|Any CPU.ActiveCfg = Debug|Any CPU
		{9B550D66-8888-ABE4-BB65-B056BA6556AF}.Debug|Any CPU.Build.0 = Debug|Any CPU
		{9B550D66-8888-ABE4-BB65-B056BA6556AF}.Release|Any CPU.ActiveCfg = Release|Any CPU
		{9B550D66-8888-ABE4-BB65-B056BA6556AF}.Release|Any CPU.Build.0 = Release|Any CPU
		{852DB51C-7211-2FF8-BA12-DC76D1578FCE}.Debug|Any CPU.ActiveCfg = Debug|Any CPU
		{852DB51C-7211-2FF8-BA12-DC76D1578FCE}.Debug|Any CPU.Build.0 = Debug|Any CPU
		{852DB51C-7211-2FF8-BA12-DC76D1578FCE}.Release|Any CPU.ActiveCfg = Release|Any CPU
		{852DB51C-7211-2FF8-BA12-DC76D1578FCE}.Release|Any CPU.Build.0 = Release|Any CPU
		{81457003-72A1-C2C9-0570-8F8F55CDE455}.Debug|Any CPU.ActiveCfg = Debug|Any CPU
		{81457003-72A1-C2C9-0570-8F8F55CDE455}.Debug|Any CPU.Build.0 = Debug|Any CPU
		{81457003-72A1-C2C9-0570-8F8F55CDE455}.Release|Any CPU.ActiveCfg = Release|Any CPU
		{81457003-72A1-C2C9-0570-8F8F55CDE455}.Release|Any CPU.Build.0 = Release|Any CPU
		{548FBD0F-0B8E-3320-62AB-9D59C4D47C89}.Debug|Any CPU.ActiveCfg = Debug|Any CPU
		{548FBD0F-0B8E-3320-62AB-9D59C4D47C89}.Debug|Any CPU.Build.0 = Debug|Any CPU
		{548FBD0F-0B8E-3320-62AB-9D59C4D47C89}.Release|Any CPU.ActiveCfg = Release|Any CPU
		{548FBD0F-0B8E-3320-62AB-9D59C4D47C89}.Release|Any CPU.Build.0 = Release|Any CPU
		{4B169D15-42AF-2FE3-810D-CBA04828A661}.Debug|Any CPU.ActiveCfg = Debug|Any CPU
		{4B169D15-42AF-2FE3-810D-CBA04828A661}.Debug|Any CPU.Build.0 = Debug|Any CPU
		{4B169D15-42AF-2FE3-810D-CBA04828A661}.Release|Any CPU.ActiveCfg = Release|Any CPU
		{4B169D15-42AF-2FE3-810D-CBA04828A661}.Release|Any CPU.Build.0 = Release|Any CPU
		{B9140AB0-F287-6048-74EA-2E8AB6D05C4B}.Debug|Any CPU.ActiveCfg = Debug|Any CPU
		{B9140AB0-F287-6048-74EA-2E8AB6D05C4B}.Debug|Any CPU.Build.0 = Debug|Any CPU
		{B9140AB0-F287-6048-74EA-2E8AB6D05C4B}.Release|Any CPU.ActiveCfg = Release|Any CPU
		{B9140AB0-F287-6048-74EA-2E8AB6D05C4B}.Release|Any CPU.Build.0 = Release|Any CPU
		{FBF984B6-CB1E-81B4-92AB-EEDC578424F3}.Debug|Any CPU.ActiveCfg = Debug|Any CPU
		{FBF984B6-CB1E-81B4-92AB-EEDC578424F3}.Debug|Any CPU.Build.0 = Debug|Any CPU
		{FBF984B6-CB1E-81B4-92AB-EEDC578424F3}.Release|Any CPU.ActiveCfg = Release|Any CPU
		{FBF984B6-CB1E-81B4-92AB-EEDC578424F3}.Release|Any CPU.Build.0 = Release|Any CPU
		{6B94EC47-FAD4-D13B-25DC-0A6D7E5E2E92}.Debug|Any CPU.ActiveCfg = Debug|Any CPU
		{6B94EC47-FAD4-D13B-25DC-0A6D7E5E2E92}.Debug|Any CPU.Build.0 = Debug|Any CPU
		{6B94EC47-FAD4-D13B-25DC-0A6D7E5E2E92}.Release|Any CPU.ActiveCfg = Release|Any CPU
		{6B94EC47-FAD4-D13B-25DC-0A6D7E5E2E92}.Release|Any CPU.Build.0 = Release|Any CPU
		{D6522D94-1554-2422-52A0-82C87ACFD01C}.Debug|Any CPU.ActiveCfg = Debug|Any CPU
		{D6522D94-1554-2422-52A0-82C87ACFD01C}.Debug|Any CPU.Build.0 = Debug|Any CPU
		{D6522D94-1554-2422-52A0-82C87ACFD01C}.Release|Any CPU.ActiveCfg = Release|Any CPU
		{D6522D94-1554-2422-52A0-82C87ACFD01C}.Release|Any CPU.Build.0 = Release|Any CPU
		{FD561E91-550F-473E-D348-5A748D03AFC8}.Debug|Any CPU.ActiveCfg = Debug|Any CPU
		{FD561E91-550F-473E-D348-5A748D03AFC8}.Debug|Any CPU.Build.0 = Debug|Any CPU
		{FD561E91-550F-473E-D348-5A748D03AFC8}.Release|Any CPU.ActiveCfg = Release|Any CPU
		{FD561E91-550F-473E-D348-5A748D03AFC8}.Release|Any CPU.Build.0 = Release|Any CPU
		{9BF64B84-5B58-39A3-6FF5-B83EBB2CB9CA}.Debug|Any CPU.ActiveCfg = Debug|Any CPU
		{9BF64B84-5B58-39A3-6FF5-B83EBB2CB9CA}.Debug|Any CPU.Build.0 = Debug|Any CPU
		{9BF64B84-5B58-39A3-6FF5-B83EBB2CB9CA}.Release|Any CPU.ActiveCfg = Release|Any CPU
		{9BF64B84-5B58-39A3-6FF5-B83EBB2CB9CA}.Release|Any CPU.Build.0 = Release|Any CPU
		{5B4B2EDB-92B9-8CDB-6821-22388C3776E4}.Debug|Any CPU.ActiveCfg = Debug|Any CPU
		{5B4B2EDB-92B9-8CDB-6821-22388C3776E4}.Debug|Any CPU.Build.0 = Debug|Any CPU
		{5B4B2EDB-92B9-8CDB-6821-22388C3776E4}.Release|Any CPU.ActiveCfg = Release|Any CPU
		{5B4B2EDB-92B9-8CDB-6821-22388C3776E4}.Release|Any CPU.Build.0 = Release|Any CPU
		{CF0C721D-7429-A98B-82D6-EEE8CB01D0E1}.Debug|Any CPU.ActiveCfg = Debug|Any CPU
		{CF0C721D-7429-A98B-82D6-EEE8CB01D0E1}.Debug|Any CPU.Build.0 = Debug|Any CPU
		{CF0C721D-7429-A98B-82D6-EEE8CB01D0E1}.Release|Any CPU.ActiveCfg = Release|Any CPU
		{CF0C721D-7429-A98B-82D6-EEE8CB01D0E1}.Release|Any CPU.Build.0 = Release|Any CPU
		{5C114693-1CBC-87C9-B275-076C6C42C041}.Debug|Any CPU.ActiveCfg = Debug|Any CPU
		{5C114693-1CBC-87C9-B275-076C6C42C041}.Debug|Any CPU.Build.0 = Debug|Any CPU
		{5C114693-1CBC-87C9-B275-076C6C42C041}.Release|Any CPU.ActiveCfg = Release|Any CPU
		{5C114693-1CBC-87C9-B275-076C6C42C041}.Release|Any CPU.Build.0 = Release|Any CPU
		{3B1C6F80-3D23-D62A-A825-27135270C081}.Debug|Any CPU.ActiveCfg = Debug|Any CPU
		{3B1C6F80-3D23-D62A-A825-27135270C081}.Debug|Any CPU.Build.0 = Debug|Any CPU
		{3B1C6F80-3D23-D62A-A825-27135270C081}.Release|Any CPU.ActiveCfg = Release|Any CPU
		{3B1C6F80-3D23-D62A-A825-27135270C081}.Release|Any CPU.Build.0 = Release|Any CPU
		{CE11AAF2-B4C1-D4F3-871A-095B404883C4}.Debug|Any CPU.ActiveCfg = Debug|Any CPU
		{CE11AAF2-B4C1-D4F3-871A-095B404883C4}.Debug|Any CPU.Build.0 = Debug|Any CPU
		{CE11AAF2-B4C1-D4F3-871A-095B404883C4}.Release|Any CPU.ActiveCfg = Release|Any CPU
		{CE11AAF2-B4C1-D4F3-871A-095B404883C4}.Release|Any CPU.Build.0 = Release|Any CPU
		{F4E7C4DF-72DF-BD28-E2A0-7796370607EE}.Debug|Any CPU.ActiveCfg = Debug|Any CPU
		{F4E7C4DF-72DF-BD28-E2A0-7796370607EE}.Debug|Any CPU.Build.0 = Debug|Any CPU
		{F4E7C4DF-72DF-BD28-E2A0-7796370607EE}.Release|Any CPU.ActiveCfg = Release|Any CPU
		{F4E7C4DF-72DF-BD28-E2A0-7796370607EE}.Release|Any CPU.Build.0 = Release|Any CPU
		{C7C0DF2A-E1DD-8EDA-4E87-D69B8CE26663}.Debug|Any CPU.ActiveCfg = Debug|Any CPU
		{C7C0DF2A-E1DD-8EDA-4E87-D69B8CE26663}.Debug|Any CPU.Build.0 = Debug|Any CPU
		{C7C0DF2A-E1DD-8EDA-4E87-D69B8CE26663}.Release|Any CPU.ActiveCfg = Release|Any CPU
		{C7C0DF2A-E1DD-8EDA-4E87-D69B8CE26663}.Release|Any CPU.Build.0 = Release|Any CPU
		{60F1DDB3-711A-ADCC-20EC-3739CA11F1D6}.Debug|Any CPU.ActiveCfg = Debug|Any CPU
		{60F1DDB3-711A-ADCC-20EC-3739CA11F1D6}.Debug|Any CPU.Build.0 = Debug|Any CPU
		{60F1DDB3-711A-ADCC-20EC-3739CA11F1D6}.Release|Any CPU.ActiveCfg = Release|Any CPU
		{60F1DDB3-711A-ADCC-20EC-3739CA11F1D6}.Release|Any CPU.Build.0 = Release|Any CPU
		{77F183C2-2A53-643A-1D6F-615CE57F727A}.Debug|Any CPU.ActiveCfg = Debug|Any CPU
		{77F183C2-2A53-643A-1D6F-615CE57F727A}.Debug|Any CPU.Build.0 = Debug|Any CPU
		{77F183C2-2A53-643A-1D6F-615CE57F727A}.Release|Any CPU.ActiveCfg = Release|Any CPU
		{77F183C2-2A53-643A-1D6F-615CE57F727A}.Release|Any CPU.Build.0 = Release|Any CPU
		{D1A6A67A-AFA3-5D00-3709-BD7CA0B7BE59}.Debug|Any CPU.ActiveCfg = Debug|Any CPU
		{D1A6A67A-AFA3-5D00-3709-BD7CA0B7BE59}.Debug|Any CPU.Build.0 = Debug|Any CPU
		{D1A6A67A-AFA3-5D00-3709-BD7CA0B7BE59}.Release|Any CPU.ActiveCfg = Release|Any CPU
		{D1A6A67A-AFA3-5D00-3709-BD7CA0B7BE59}.Release|Any CPU.Build.0 = Release|Any CPU
		{182504DB-0E3B-C1A6-5874-C43F2AF92828}.Debug|Any CPU.ActiveCfg = Debug|Any CPU
		{182504DB-0E3B-C1A6-5874-C43F2AF92828}.Debug|Any CPU.Build.0 = Debug|Any CPU
		{182504DB-0E3B-C1A6-5874-C43F2AF92828}.Release|Any CPU.ActiveCfg = Release|Any CPU
		{182504DB-0E3B-C1A6-5874-C43F2AF92828}.Release|Any CPU.Build.0 = Release|Any CPU
		{CD3DA097-BFFB-E085-5E9D-40D4AAA8043A}.Debug|Any CPU.ActiveCfg = Debug|Any CPU
		{CD3DA097-BFFB-E085-5E9D-40D4AAA8043A}.Debug|Any CPU.Build.0 = Debug|Any CPU
		{CD3DA097-BFFB-E085-5E9D-40D4AAA8043A}.Release|Any CPU.ActiveCfg = Release|Any CPU
		{CD3DA097-BFFB-E085-5E9D-40D4AAA8043A}.Release|Any CPU.Build.0 = Release|Any CPU
		{6B911F25-3EA8-4931-9361-C5CD6CA87C2E}.Debug|Any CPU.ActiveCfg = Debug|Any CPU
		{6B911F25-3EA8-4931-9361-C5CD6CA87C2E}.Debug|Any CPU.Build.0 = Debug|Any CPU
		{6B911F25-3EA8-4931-9361-C5CD6CA87C2E}.Release|Any CPU.ActiveCfg = Release|Any CPU
		{6B911F25-3EA8-4931-9361-C5CD6CA87C2E}.Release|Any CPU.Build.0 = Release|Any CPU
		{0969E287-90DC-8996-BA52-9C96289B496E}.Debug|Any CPU.ActiveCfg = Debug|Any CPU
		{0969E287-90DC-8996-BA52-9C96289B496E}.Debug|Any CPU.Build.0 = Debug|Any CPU
		{0969E287-90DC-8996-BA52-9C96289B496E}.Release|Any CPU.ActiveCfg = Release|Any CPU
		{0969E287-90DC-8996-BA52-9C96289B496E}.Release|Any CPU.Build.0 = Release|Any CPU
		{99DB281D-9B52-A381-52F5-29F7EA0C040A}.Debug|Any CPU.ActiveCfg = Debug|Any CPU
		{99DB281D-9B52-A381-52F5-29F7EA0C040A}.Debug|Any CPU.Build.0 = Debug|Any CPU
		{99DB281D-9B52-A381-52F5-29F7EA0C040A}.Release|Any CPU.ActiveCfg = Release|Any CPU
		{99DB281D-9B52-A381-52F5-29F7EA0C040A}.Release|Any CPU.Build.0 = Release|Any CPU
		{347C45A2-A1DC-B314-AF51-7DEFD521F1BC}.Debug|Any CPU.ActiveCfg = Debug|Any CPU
		{347C45A2-A1DC-B314-AF51-7DEFD521F1BC}.Debug|Any CPU.Build.0 = Debug|Any CPU
		{347C45A2-A1DC-B314-AF51-7DEFD521F1BC}.Release|Any CPU.ActiveCfg = Release|Any CPU
		{347C45A2-A1DC-B314-AF51-7DEFD521F1BC}.Release|Any CPU.Build.0 = Release|Any CPU
		{8467F10D-4335-4368-9079-6874E24825EC}.Debug|Any CPU.ActiveCfg = Debug|Any CPU
		{8467F10D-4335-4368-9079-6874E24825EC}.Debug|Any CPU.Build.0 = Debug|Any CPU
		{8467F10D-4335-4368-9079-6874E24825EC}.Release|Any CPU.ActiveCfg = Release|Any CPU
		{8467F10D-4335-4368-9079-6874E24825EC}.Release|Any CPU.Build.0 = Release|Any CPU
		{297A0F13-EB21-FA29-0CC6-50A6407AB9E1}.Debug|Any CPU.ActiveCfg = Debug|Any CPU
		{297A0F13-EB21-FA29-0CC6-50A6407AB9E1}.Debug|Any CPU.Build.0 = Debug|Any CPU
		{297A0F13-EB21-FA29-0CC6-50A6407AB9E1}.Release|Any CPU.ActiveCfg = Release|Any CPU
		{297A0F13-EB21-FA29-0CC6-50A6407AB9E1}.Release|Any CPU.Build.0 = Release|Any CPU
		{937029A2-781A-F623-B2A7-ED5C86E0B339}.Debug|Any CPU.ActiveCfg = Debug|Any CPU
		{937029A2-781A-F623-B2A7-ED5C86E0B339}.Debug|Any CPU.Build.0 = Debug|Any CPU
		{937029A2-781A-F623-B2A7-ED5C86E0B339}.Release|Any CPU.ActiveCfg = Release|Any CPU
		{937029A2-781A-F623-B2A7-ED5C86E0B339}.Release|Any CPU.Build.0 = Release|Any CPU
		{88E8EB50-FF4D-E5D1-5277-8172A2B4F4D5}.Debug|Any CPU.ActiveCfg = Debug|Any CPU
		{88E8EB50-FF4D-E5D1-5277-8172A2B4F4D5}.Debug|Any CPU.Build.0 = Debug|Any CPU
		{88E8EB50-FF4D-E5D1-5277-8172A2B4F4D5}.Release|Any CPU.ActiveCfg = Release|Any CPU
		{88E8EB50-FF4D-E5D1-5277-8172A2B4F4D5}.Release|Any CPU.Build.0 = Release|Any CPU
		{E222F2A2-F5D1-3D4B-245D-470052319813}.Debug|Any CPU.ActiveCfg = Debug|Any CPU
		{E222F2A2-F5D1-3D4B-245D-470052319813}.Debug|Any CPU.Build.0 = Debug|Any CPU
		{E222F2A2-F5D1-3D4B-245D-470052319813}.Release|Any CPU.ActiveCfg = Release|Any CPU
		{E222F2A2-F5D1-3D4B-245D-470052319813}.Release|Any CPU.Build.0 = Release|Any CPU
		{1A577DEA-100B-E09B-9C32-DC6CE51CD746}.Debug|Any CPU.ActiveCfg = Debug|Any CPU
		{1A577DEA-100B-E09B-9C32-DC6CE51CD746}.Debug|Any CPU.Build.0 = Debug|Any CPU
		{1A577DEA-100B-E09B-9C32-DC6CE51CD746}.Release|Any CPU.ActiveCfg = Release|Any CPU
		{1A577DEA-100B-E09B-9C32-DC6CE51CD746}.Release|Any CPU.Build.0 = Release|Any CPU
		{FF8A5AB9-2A88-9090-63F2-91A83C8F1C9F}.Debug|Any CPU.ActiveCfg = Debug|Any CPU
		{FF8A5AB9-2A88-9090-63F2-91A83C8F1C9F}.Debug|Any CPU.Build.0 = Debug|Any CPU
		{FF8A5AB9-2A88-9090-63F2-91A83C8F1C9F}.Release|Any CPU.ActiveCfg = Release|Any CPU
		{FF8A5AB9-2A88-9090-63F2-91A83C8F1C9F}.Release|Any CPU.Build.0 = Release|Any CPU
		{9DF4850C-51B6-B253-4432-F43D2FA97555}.Debug|Any CPU.ActiveCfg = Debug|Any CPU
		{9DF4850C-51B6-B253-4432-F43D2FA97555}.Debug|Any CPU.Build.0 = Debug|Any CPU
		{9DF4850C-51B6-B253-4432-F43D2FA97555}.Release|Any CPU.ActiveCfg = Release|Any CPU
		{9DF4850C-51B6-B253-4432-F43D2FA97555}.Release|Any CPU.Build.0 = Release|Any CPU
		{4FA16F99-AAC7-FDEE-3C0F-68D1F6C72A64}.Debug|Any CPU.ActiveCfg = Debug|Any CPU
		{4FA16F99-AAC7-FDEE-3C0F-68D1F6C72A64}.Debug|Any CPU.Build.0 = Debug|Any CPU
		{4FA16F99-AAC7-FDEE-3C0F-68D1F6C72A64}.Release|Any CPU.ActiveCfg = Release|Any CPU
		{4FA16F99-AAC7-FDEE-3C0F-68D1F6C72A64}.Release|Any CPU.Build.0 = Release|Any CPU
		{48EE9E51-B46B-5D40-15B2-3214D9C369E6}.Debug|Any CPU.ActiveCfg = Debug|Any CPU
		{48EE9E51-B46B-5D40-15B2-3214D9C369E6}.Debug|Any CPU.Build.0 = Debug|Any CPU
		{48EE9E51-B46B-5D40-15B2-3214D9C369E6}.Release|Any CPU.ActiveCfg = Release|Any CPU
		{48EE9E51-B46B-5D40-15B2-3214D9C369E6}.Release|Any CPU.Build.0 = Release|Any CPU
		{42E0B86F-5B42-6A1C-D470-8BC3042483E9}.Debug|Any CPU.ActiveCfg = Debug|Any CPU
		{42E0B86F-5B42-6A1C-D470-8BC3042483E9}.Debug|Any CPU.Build.0 = Debug|Any CPU
		{42E0B86F-5B42-6A1C-D470-8BC3042483E9}.Release|Any CPU.ActiveCfg = Release|Any CPU
		{42E0B86F-5B42-6A1C-D470-8BC3042483E9}.Release|Any CPU.Build.0 = Release|Any CPU
		{F6168AE9-CD59-057B-D362-8C5C28D09C09}.Debug|Any CPU.ActiveCfg = Debug|Any CPU
		{F6168AE9-CD59-057B-D362-8C5C28D09C09}.Debug|Any CPU.Build.0 = Debug|Any CPU
		{F6168AE9-CD59-057B-D362-8C5C28D09C09}.Release|Any CPU.ActiveCfg = Release|Any CPU
		{F6168AE9-CD59-057B-D362-8C5C28D09C09}.Release|Any CPU.Build.0 = Release|Any CPU
		{0400472C-2639-3443-9B8E-3A8494A88B0B}.Debug|Any CPU.ActiveCfg = Debug|Any CPU
		{0400472C-2639-3443-9B8E-3A8494A88B0B}.Debug|Any CPU.Build.0 = Debug|Any CPU
		{0400472C-2639-3443-9B8E-3A8494A88B0B}.Release|Any CPU.ActiveCfg = Release|Any CPU
		{0400472C-2639-3443-9B8E-3A8494A88B0B}.Release|Any CPU.Build.0 = Release|Any CPU
		{E3D2FD25-68CE-7E6C-5376-5CB8A28F26C2}.Debug|Any CPU.ActiveCfg = Debug|Any CPU
		{E3D2FD25-68CE-7E6C-5376-5CB8A28F26C2}.Debug|Any CPU.Build.0 = Debug|Any CPU
		{E3D2FD25-68CE-7E6C-5376-5CB8A28F26C2}.Release|Any CPU.ActiveCfg = Release|Any CPU
		{E3D2FD25-68CE-7E6C-5376-5CB8A28F26C2}.Release|Any CPU.Build.0 = Release|Any CPU
		{01767DD3-EA41-A32D-4EA1-5349ECB1B28B}.Debug|Any CPU.ActiveCfg = Debug|Any CPU
		{01767DD3-EA41-A32D-4EA1-5349ECB1B28B}.Debug|Any CPU.Build.0 = Debug|Any CPU
		{01767DD3-EA41-A32D-4EA1-5349ECB1B28B}.Release|Any CPU.ActiveCfg = Release|Any CPU
		{01767DD3-EA41-A32D-4EA1-5349ECB1B28B}.Release|Any CPU.Build.0 = Release|Any CPU
		{08F30B32-4AED-9717-94D2-78B6A4DC3AAE}.Debug|Any CPU.ActiveCfg = Debug|Any CPU
		{08F30B32-4AED-9717-94D2-78B6A4DC3AAE}.Debug|Any CPU.Build.0 = Debug|Any CPU
		{08F30B32-4AED-9717-94D2-78B6A4DC3AAE}.Release|Any CPU.ActiveCfg = Release|Any CPU
		{08F30B32-4AED-9717-94D2-78B6A4DC3AAE}.Release|Any CPU.Build.0 = Release|Any CPU
		{49D93EC9-0E2A-8BBB-F65F-4F5DF513184D}.Debug|Any CPU.ActiveCfg = Debug|Any CPU
		{49D93EC9-0E2A-8BBB-F65F-4F5DF513184D}.Debug|Any CPU.Build.0 = Debug|Any CPU
		{49D93EC9-0E2A-8BBB-F65F-4F5DF513184D}.Release|Any CPU.ActiveCfg = Release|Any CPU
		{49D93EC9-0E2A-8BBB-F65F-4F5DF513184D}.Release|Any CPU.Build.0 = Release|Any CPU
		{00F01C9C-5F67-5012-5E6B-8DD37F2ADFF1}.Debug|Any CPU.ActiveCfg = Debug|Any CPU
		{00F01C9C-5F67-5012-5E6B-8DD37F2ADFF1}.Debug|Any CPU.Build.0 = Debug|Any CPU
		{00F01C9C-5F67-5012-5E6B-8DD37F2ADFF1}.Release|Any CPU.ActiveCfg = Release|Any CPU
		{00F01C9C-5F67-5012-5E6B-8DD37F2ADFF1}.Release|Any CPU.Build.0 = Release|Any CPU
	EndGlobalSection
	GlobalSection(SolutionProperties) = preSolution
		HideSolutionNode = FALSE
	EndGlobalSection
EndGlobal
